{
    "version": 3,
    "terraform_version": "0.11.8",
    "serial": 2,
    "lineage": "946813fa-6665-32f1-fb30-5e73f51be21e",
    "modules": [
        {
            "path": [
                "root"
            ],
            "outputs": {
                "availability_zones": {
                    "sensitive": false,
                    "type": "string",
                    "value": "eu-west-1a,eu-west-1b,eu-west-1c"
                },
                "number_of_availability_zones": {
                    "sensitive": false,
                    "type": "string",
                    "value": "3"
                },
                "private_subnet_cidr_blocks": {
                    "sensitive": false,
                    "type": "string",
                    "value": "10.1.3.0/24,10.1.4.0/24,10.1.5.0/24"
                },
                "private_subnet_ids": {
                    "sensitive": false,
                    "type": "string",
                    "value": "subnet-0dceeb547911f1d48,subnet-02affa7e564938492,subnet-0b141afb55cb53b68"
                },
                "public_subnet_cidr_blocks": {
                    "sensitive": false,
                    "type": "string",
                    "value": "10.1.0.0/24,10.1.1.0/24,10.1.2.0/24"
                },
                "public_subnet_ids": {
                    "sensitive": false,
                    "type": "string",
                    "value": "subnet-027d7e14011fab2a3,subnet-018fb9a6610023f10,subnet-0c529d282a498f650"
                },
                "vpc_cidr": {
                    "sensitive": false,
                    "type": "string",
                    "value": "10.1.0.0/16"
                },
                "vpc_id": {
                    "sensitive": false,
                    "type": "string",
                    "value": "vpc-09697cdabfae202e2"
                }
            },
            "resources": {
                "aws_subnet.private.0": {
                    "type": "aws_subnet",
                    "depends_on": [
                        "aws_vpc.base"
                    ],
                    "primary": {
                        "id": "subnet-0dceeb547911f1d48",
                        "attributes": {
                            "arn": "arn:aws:ec2:eu-west-1:296570733885:subnet/subnet-0dceeb547911f1d48",
                            "assign_ipv6_address_on_creation": "false",
                            "availability_zone": "eu-west-1a",
                            "cidr_block": "10.1.3.0/24",
                            "id": "subnet-0dceeb547911f1d48",
                            "map_public_ip_on_launch": "false",
                            "tags.%": "2",
                            "tags.InstanceIdentifier": "01-simple",
                            "tags.Name": "private-subnet-01-simple-eu-west-1a",
                            "vpc_id": "vpc-09697cdabfae202e2"
                        },
                        "meta": {
                            "schema_version": "1"
                        },
                        "tainted": false
                    },
                    "deposed": [],
                    "provider": "provider.aws"
                },
                "aws_subnet.private.1": {
                    "type": "aws_subnet",
                    "depends_on": [
                        "aws_vpc.base"
                    ],
                    "primary": {
                        "id": "subnet-02affa7e564938492",
                        "attributes": {
                            "arn": "arn:aws:ec2:eu-west-1:296570733885:subnet/subnet-02affa7e564938492",
                            "assign_ipv6_address_on_creation": "false",
                            "availability_zone": "eu-west-1b",
                            "cidr_block": "10.1.4.0/24",
                            "id": "subnet-02affa7e564938492",
                            "map_public_ip_on_launch": "false",
                            "tags.%": "2",
                            "tags.InstanceIdentifier": "01-simple",
                            "tags.Name": "private-subnet-01-simple-eu-west-1b",
                            "vpc_id": "vpc-09697cdabfae202e2"
                        },
                        "meta": {
                            "schema_version": "1"
                        },
                        "tainted": false
                    },
                    "deposed": [],
                    "provider": "provider.aws"
                },
                "aws_subnet.private.2": {
                    "type": "aws_subnet",
                    "depends_on": [
                        "aws_vpc.base"
                    ],
                    "primary": {
                        "id": "subnet-0b141afb55cb53b68",
                        "attributes": {
                            "arn": "arn:aws:ec2:eu-west-1:296570733885:subnet/subnet-0b141afb55cb53b68",
                            "assign_ipv6_address_on_creation": "false",
                            "availability_zone": "eu-west-1c",
                            "cidr_block": "10.1.5.0/24",
                            "id": "subnet-0b141afb55cb53b68",
                            "map_public_ip_on_launch": "false",
                            "tags.%": "2",
                            "tags.InstanceIdentifier": "01-simple",
                            "tags.Name": "private-subnet-01-simple-eu-west-1c",
                            "vpc_id": "vpc-09697cdabfae202e2"
                        },
                        "meta": {
                            "schema_version": "1"
                        },
                        "tainted": false
                    },
                    "deposed": [],
                    "provider": "provider.aws"
                },
                "aws_subnet.public.0": {
                    "type": "aws_subnet",
                    "depends_on": [
                        "aws_vpc.base"
                    ],
                    "primary": {
                        "id": "subnet-027d7e14011fab2a3",
                        "attributes": {
                            "arn": "arn:aws:ec2:eu-west-1:296570733885:subnet/subnet-027d7e14011fab2a3",
                            "assign_ipv6_address_on_creation": "false",
                            "availability_zone": "eu-west-1a",
                            "cidr_block": "10.1.0.0/24",
                            "id": "subnet-027d7e14011fab2a3",
                            "map_public_ip_on_launch": "false",
                            "tags.%": "2",
                            "tags.InstanceIdentifier": "01-simple",
                            "tags.Name": "public-subnet-01-simple-eu-west-1a",
                            "vpc_id": "vpc-09697cdabfae202e2"
                        },
                        "meta": {
                            "schema_version": "1"
                        },
                        "tainted": false
                    },
                    "deposed": [],
                    "provider": "provider.aws"
                },
                "aws_subnet.public.1": {
                    "type": "aws_subnet",
                    "depends_on": [
                        "aws_vpc.base"
                    ],
                    "primary": {
                        "id": "subnet-018fb9a6610023f10",
                        "attributes": {
                            "arn": "arn:aws:ec2:eu-west-1:296570733885:subnet/subnet-018fb9a6610023f10",
                            "assign_ipv6_address_on_creation": "false",
                            "availability_zone": "eu-west-1b",
                            "cidr_block": "10.1.1.0/24",
                            "id": "subnet-018fb9a6610023f10",
                            "map_public_ip_on_launch": "false",
                            "tags.%": "2",
                            "tags.InstanceIdentifier": "01-simple",
                            "tags.Name": "public-subnet-01-simple-eu-west-1b",
                            "vpc_id": "vpc-09697cdabfae202e2"
                        },
                        "meta": {
                            "schema_version": "1"
                        },
                        "tainted": false
                    },
                    "deposed": [],
                    "provider": "provider.aws"
                },
                "aws_subnet.public.2": {
                    "type": "aws_subnet",
                    "depends_on": [
                        "aws_vpc.base"
                    ],
                    "primary": {
                        "id": "subnet-0c529d282a498f650",
                        "attributes": {
                            "arn": "arn:aws:ec2:eu-west-1:296570733885:subnet/subnet-0c529d282a498f650",
                            "assign_ipv6_address_on_creation": "false",
                            "availability_zone": "eu-west-1c",
                            "cidr_block": "10.1.2.0/24",
                            "id": "subnet-0c529d282a498f650",
                            "map_public_ip_on_launch": "false",
                            "tags.%": "2",
                            "tags.InstanceIdentifier": "01-simple",
                            "tags.Name": "public-subnet-01-simple-eu-west-1c",
                            "vpc_id": "vpc-09697cdabfae202e2"
                        },
                        "meta": {
                            "schema_version": "1"
                        },
                        "tainted": false
                    },
                    "deposed": [],
                    "provider": "provider.aws"
                },
                "aws_vpc.base": {
                    "type": "aws_vpc",
                    "depends_on": [],
                    "primary": {
                        "id": "vpc-09697cdabfae202e2",
                        "attributes": {
                            "arn": "arn:aws:ec2:eu-west-1:296570733885:vpc/vpc-09697cdabfae202e2",
                            "assign_generated_ipv6_cidr_block": "false",
                            "cidr_block": "10.1.0.0/16",
                            "default_network_acl_id": "acl-0b0ad13693010dfa2",
                            "default_route_table_id": "rtb-09134e1907007fa6f",
                            "default_security_group_id": "sg-0b8bafcccb65790b8",
                            "dhcp_options_id": "dopt-89df34ee",
                            "enable_classiclink": "false",
                            "enable_classiclink_dns_support": "false",
                            "enable_dns_hostnames": "false",
                            "enable_dns_support": "true",
                            "id": "vpc-09697cdabfae202e2",
                            "instance_tenancy": "default",
                            "main_route_table_id": "rtb-09134e1907007fa6f",
                            "tags.%": "2",
                            "tags.InstanceIdentifier": "01-simple",
                            "tags.Name": "vpc-01-simple"
                        },
                        "meta": {
                            "schema_version": "1"
                        },
                        "tainted": false
                    },
                    "deposed": [],
                    "provider": "provider.aws"
                }
            },
            "depends_on": []
        }
    ]
}
